{
    "_meta": {
        "sources": [
            {
                "url": "https://pypi.python.org/simple",
                "verify_ssl": true
            }
        ],
        "requires": {},
        "hash": {
            "sha256": "1290fcb528859ab129d3b265f88d46f51618e51584840dc93cae912840d27ba1"
        }
    },
    "default": {
        "lxml": {
            "hash": "sha256:b7c5559435efc18c7cfa9987d1069aa7c109854cfeaf9259563024963d091f35",
            "version": "==3.7.3"
        },
        "vext.gi": {
            "hash": "sha256:2263e7e8ac794aa2bb5afb841db6c526ea6c2c8c7f6c932122e0bcee8dd63ee9",
            "version": "==0.6.8"
        },
        "requests": {
            "hash": "sha256:1a720e8862a41aa22e339373b526f508ef0c8988baf48b84d3fc891a8e237efb",
            "version": "==2.13.0"
        },
        "olefile": {
            "hash": "sha256:61f2ca0cd0aa77279eb943c07f607438edf374096b66332fae1ee64a6f0f73ad",
            "version": "==0.44"
        },
        "mygpoclient from git+https://github.com/gpodder/mygpoclient.git#egg=mygpoclient": {
            "hash": "sha256:5ed63bbe473dc391ca9d5eafa019ef5d720972387bba3ec05e967ab6708fd46d",
            "version": "=="
        },
        "Pillow": {
            "hash": "sha256:7597581ef84f0662b630353a4d649204f271efa9e48b28da664ff4ed90233a50",
            "version": "==4.0.0"
        },
        "feedparser": {
            "hash": "sha256:cd2485472e41471632ed3029d44033ee420ad0b57111db95c240c9160a85831c",
            "version": "==5.2.1"
        },
        "ruamel.yaml": {
            "hash": "sha256:d671953b14dd24d9dddaa81a1178f9bf3bf1aae1382a18cd75c97bebb390a759",
            "version": "==0.13.14"
        },
        "mutagen": {
            "hash": "sha256:539553d3f1ffd890c74f64b819750aef0316933d162c09798c9e7eaf334ae760",
            "version": "==1.37"
        },
        "peewee": {
            "hash": "sha256:5254584d8e2e131f887f25a8329443a4cef89828c8f754e8e721865859f30616",
            "version": "==2.9.1"
        },
        "vext": {
            "hash": "sha256:4ef5537d0176508590199c6a15da53cadd5050a0c6c1fbf6e17e37c95dee0d79",
            "version": "==0.6.8"
        }
    },
    "develop": {
        "pytest": {
            "hash": "sha256:66f332ae62593b874a648b10a8cb106bfdacd2c6288ed7dec3713c3a808a6017",
            "version": "==3.0.7"
        },
        "setuptools": {
            "hash": "sha256:6483f8412313ec787fa71379147a4605d3b1cc303c3648d02542a9160d3db72b",
            "version": "==34.3.2"
        },
        "packaging": {
            "hash": "sha256:99276dc6e3a7851f32027a68f1095cd3f77c148091b092ea867a351811cfe388",
            "version": "==16.8"
        },
        "py": {
            "hash": "sha256:2d4bba2e25fff58140e6bdce1e485e89bb59776adbe01d490baa6b1f37a3dd6b",
            "version": "==1.4.32"
        },
        "appdirs": {
            "hash": "sha256:d8b24664561d0d34ddfaec54636d502d7cea6e29c3eaf68f3df6180863e2166e",
            "version": "==1.4.3"
        },
        "pyparsing": {
            "hash": "sha256:fee43f17a9c4087e7ed1605bd6df994c6173c1e977d7ade7b651292fab2bd010",
            "version": "==2.2.0"
        },
        "six": {
            "hash": "sha256:0ff78c403d9bccf5a425a6d31a12aa6b47f1c21ca4dc2573a7e2f32a97335eb1",
            "version": "==1.10.0"
        }
    }
}